
Microsoft Visual Studio Solution File, Format Version 12.00
# Visual Studio Version 17
VisualStudioVersion = 17.0.31912.275
MinimumVisualStudioVersion = 10.0.40219.1
Project("{FAE04EC0-301F-11D3-BF4B-00C04F79EFBC}") = "override1", "override1.csproj", "{4640E556-F6D3-4F3B-B771-0C7E2AAF4A8F}"
EndProject
Global
	GlobalSection(SolutionConfigurationPlatforms) = preSolution
		Debug|Any CPU = Debug|Any CPU
		Release|Any CPU = Release|Any CPU
	EndGlobalSection
	GlobalSection(ProjectConfigurationPlatforms) = postSolution
		{4640E556-F6D3-4F3B-B771-0C7E2AAF4A8F}.Debug|Any CPU.ActiveCfg = Debug|Any CPU
		{4640E556-F6D3-4F3B-B771-0C7E2AAF4A8F}.Debug|Any CPU.Build.0 = Debug|Any CPU
		{4640E556-F6D3-4F3B-B771-0C7E2AAF4A8F}.Release|Any CPU.ActiveCfg = Release|Any CPU
		{4640E556-F6D3-4F3B-B771-0C7E2AAF4A8F}.Release|Any CPU.Build.0 = Release|Any CPU
	EndGlobalSection
	GlobalSection(SolutionProperties) = preSolution
		HideSolutionNode = FALSE
	EndGlobalSection
	GlobalSection(ExtensibilityGlobals) = postSolution
		SolutionGuid = {E59B8EDD-098F-470D-9178-7AC1E3B4925C}
	EndGlobalSection
EndGlobal
